
Microsoft Visual Studio Solution File, Format Version 12.00
# Visual Studio Version 17
VisualStudioVersion = 17.0.32014.148
MinimumVisualStudioVersion = 10.0.40219.1
Project("{FAE04EC0-301F-11D3-BF4B-00C04F79EFBC}") = "SuperHeroAPI", "SuperHeroAPI\SuperHeroAPI.csproj", "{11C37A79-637F-4AF3-8DD2-043D0460F2F5}"
EndProject
Global
	GlobalSection(SolutionConfigurationPlatforms) = preSolution
		Debug|Any CPU = Debug|Any CPU
		Release|Any CPU = Release|Any CPU
	EndGlobalSection
	GlobalSection(ProjectConfigurationPlatforms) = postSolution
		{11C37A79-637F-4AF3-8DD2-043D0460F2F5}.Debug|Any CPU.ActiveCfg = Debug|Any CPU
		{11C37A79-637F-4AF3-8DD2-043D0460F2F5}.Debug|Any CPU.Build.0 = Debug|Any CPU
		{11C37A79-637F-4AF3-8DD2-043D0460F2F5}.Release|Any CPU.ActiveCfg = Release|Any CPU
		{11C37A79-637F-4AF3-8DD2-043D0460F2F5}.Release|Any CPU.Build.0 = Release|Any CPU
	EndGlobalSection
	GlobalSection(SolutionProperties) = preSolution
		HideSolutionNode = FALSE
	EndGlobalSection
	GlobalSection(ExtensibilityGlobals) = postSolution
		SolutionGuid = {8A1B9993-6B34-4D0C-A06B-A891A4B8B7F5}
	EndGlobalSection
EndGlobal
